{
  "version": 4,
  "terraform_version": "1.2.2",
  "serial": 5,
  "lineage": "47d8add1-5d0f-fce3-e2bf-0865edd259de",
  "outputs": {
    "external_ip_address_vm_1": {
      "value": "51.250.3.35",
      "type": "string"
    },
    "internal_ip_address_vm_1": {
      "value": "192.168.10.4",
      "type": "string"
    }
  },
  "resources": [
    {
      "mode": "managed",
      "type": "yandex_compute_instance",
      "name": "vm-1",
      "provider": "provider[\"registry.terraform.io/yandex-cloud/yandex\"]",
      "instances": [
        {
          "schema_version": 1,
          "attributes": {
            "allow_recreate": null,
            "allow_stopping_for_update": null,
            "boot_disk": [
              {
                "auto_delete": true,
                "device_name": "fhm06qtrd1na7sqmi515",
                "disk_id": "fhm06qtrd1na7sqmi515",
                "initialize_params": [
                  {
                    "block_size": 4096,
                    "description": "",
                    "image_id": "fd8gdnd09d0iqdu7ll2a",
                    "name": "",
                    "size": 10,
                    "snapshot_id": "",
                    "type": "network-hdd"
                  }
                ],
                "mode": "READ_WRITE"
              }
            ],
            "created_at": "2022-06-14T02:49:34Z",
            "description": "",
            "folder_id": "b1gqmmrtoa91cmvi56o5",
            "fqdn": "fhmdokqd1sm9h1h72asl.auto.internal",
            "hostname": "fhmdokqd1sm9h1h72asl",
            "id": "fhmdokqd1sm9h1h72asl",
            "labels": null,
            "metadata": {
              "user-data": "#cloud-config\nusers:\n  - name: zalaldinov\n    groups: sudo\n    shell: /bin/bash\n    sudo: ['ALL=(ALL) NOPASSWD:ALL']\n    ssh_authorized_keys:\n      - ssh-rsa AAAAB3NzaC1yc2EAAAADAQABAAACAQC9cQ3SdeDOSdEmqaE1GtAmny32WGLkij1x3kQwETkL45Vn7V+NP30x4XYfTK1pXx/3yXADmfn5ZwEX8MzYTWWcodmnX8HBTv7NBFvuTkw1laXdU8v3K6G1VBzjehEAtleEuKy1xBODgIvRcjpEFsEQE06IteAN2AV9gUR0CcD43+sKHG76NUXgVzJaIz079hZN1f0CpcHp0ZCuFwwQfPRMtBGUk3gGqXM/EUSiW/zfcBKCS2lGQNQWzlwtcJXTlNKWllh7eDk/wNj4M6t8e4W1xaCjZFvdhwKa/C4JvD/cJ5EhuedA5Wqyw7PuxvcnQDLuL3SqQQxd5Ef03J/OjIU0grHusMB1Nf0txFLnWEUSI20SythznrumEv8XyoBcXaJEKGgH6ogJU0MMbOCrVb+jjXqKqjLtQ2jS9BjDiWZVDyyP+LXLlkniOri+V/AIdcMGg7wbfbXU+I1K4PBPLrVK3r+g7shtE39nyN0NY/uJwmAhOQTEdNLZKgwTYP++/828HS5GOUtGWRLSvG6vFCsCXvm5zuxa1Tj2gs5h7VrUnYxNlMG+i1teFdYopFo4OUPVSaINN6hR7L8aGUXVxbOvPhhhk20JSIRVDjaH1J5Ix5Ot/xDSpiLifk0NScE/AtQlbWEPxX9dDmkPCF2Gr/89wvff0o1zNNwMlPC1VinWTQ== antonzalaldinov@reddit\n"
            },
            "name": "terraform1",
            "network_acceleration_type": "standard",
            "network_interface": [
              {
                "dns_record": [],
                "index": 0,
                "ip_address": "192.168.10.4",
                "ipv4": true,
                "ipv6": false,
                "ipv6_address": "",
                "ipv6_dns_record": [],
                "mac_address": "d0:0d:dc:53:4d:0f",
                "nat": true,
                "nat_dns_record": [],
                "nat_ip_address": "51.250.3.35",
                "nat_ip_version": "IPV4",
                "security_group_ids": [],
                "subnet_id": "e9bbnickl7olt31epc83"
              }
            ],
            "placement_policy": [
              {
                "host_affinity_rules": [],
                "placement_group_id": ""
              }
            ],
            "platform_id": "standard-v1",
            "resources": [
              {
                "core_fraction": 100,
                "cores": 2,
                "gpus": 0,
                "memory": 2
              }
            ],
            "scheduling_policy": [
              {
                "preemptible": false
              }
            ],
            "secondary_disk": [],
            "service_account_id": "",
            "status": "running",
            "timeouts": null,
            "zone": "ru-central1-a"
          },
          "sensitive_attributes": [],
          "private": "eyJlMmJmYjczMC1lY2FhLTExZTYtOGY4OC0zNDM2M2JjN2M0YzAiOnsiY3JlYXRlIjozMDAwMDAwMDAwMDAsImRlbGV0ZSI6MzAwMDAwMDAwMDAwLCJ1cGRhdGUiOjMwMDAwMDAwMDAwMH0sInNjaGVtYV92ZXJzaW9uIjoiMSJ9",
          "dependencies": [
            "yandex_vpc_network.network-1",
            "yandex_vpc_subnet.subnet-1"
          ]
        }
      ]
    },
    {
      "mode": "managed",
      "type": "yandex_vpc_network",
      "name": "network-1",
      "provider": "provider[\"registry.terraform.io/yandex-cloud/yandex\"]",
      "instances": [
        {
          "schema_version": 0,
          "attributes": {
            "created_at": "2022-06-14T02:49:32Z",
            "default_security_group_id": "",
            "description": "",
            "folder_id": "b1gqmmrtoa91cmvi56o5",
            "id": "enpviuuoeqri4um2cjm0",
            "labels": {},
            "name": "network1",
            "subnet_ids": [],
            "timeouts": null
          },
          "sensitive_attributes": [],
          "private": "eyJlMmJmYjczMC1lY2FhLTExZTYtOGY4OC0zNDM2M2JjN2M0YzAiOnsiY3JlYXRlIjo2MDAwMDAwMDAwMCwiZGVsZXRlIjo2MDAwMDAwMDAwMCwidXBkYXRlIjo2MDAwMDAwMDAwMH19"
        }
      ]
    },
    {
      "mode": "managed",
      "type": "yandex_vpc_subnet",
      "name": "subnet-1",
      "provider": "provider[\"registry.terraform.io/yandex-cloud/yandex\"]",
      "instances": [
        {
          "schema_version": 0,
          "attributes": {
            "created_at": "2022-06-14T02:49:33Z",
            "description": "",
            "dhcp_options": [],
            "folder_id": "b1gqmmrtoa91cmvi56o5",
            "id": "e9bbnickl7olt31epc83",
            "labels": {},
            "name": "subnet1",
            "network_id": "enpviuuoeqri4um2cjm0",
            "route_table_id": "",
            "timeouts": null,
            "v4_cidr_blocks": [
              "192.168.10.0/24"
            ],
            "v6_cidr_blocks": [],
            "zone": "ru-central1-a"
          },
          "sensitive_attributes": [],
          "private": "eyJlMmJmYjczMC1lY2FhLTExZTYtOGY4OC0zNDM2M2JjN2M0YzAiOnsiY3JlYXRlIjoxODAwMDAwMDAwMDAsImRlbGV0ZSI6MTgwMDAwMDAwMDAwLCJ1cGRhdGUiOjE4MDAwMDAwMDAwMH19",
          "dependencies": [
            "yandex_vpc_network.network-1"
          ]
        }
      ]
    }
  ]
}
